
Microsoft Visual Studio Solution File, Format Version 12.00
# Visual Studio Version 17
VisualStudioVersion = 17.9.34701.34
MinimumVisualStudioVersion = 10.0.40219.1
Project("{FAE04EC0-301F-11D3-BF4B-00C04F79EFBC}") = "Producer", "RabbitMQ\Producer.csproj", "{F392EDCC-47AD-4AFF-ABA6-198264C3BB89}"
EndProject
Project("{FAE04EC0-301F-11D3-BF4B-00C04F79EFBC}") = "Common", "Common\Common.csproj", "{F42BD2F8-B6E1-4261-8B4D-074BDB6CE958}"
EndProject
Project("{FAE04EC0-301F-11D3-BF4B-00C04F79EFBC}") = "Consumer", "Consumer\Consumer.csproj", "{5038D359-5BCD-4B88-A71F-FDF58B3F1DFC}"
EndProject
Global
	GlobalSection(SolutionConfigurationPlatforms) = preSolution
		Debug|Any CPU = Debug|Any CPU
		Release|Any CPU = Release|Any CPU
	EndGlobalSection
	GlobalSection(ProjectConfigurationPlatforms) = postSolution
		{F392EDCC-47AD-4AFF-ABA6-198264C3BB89}.Debug|Any CPU.ActiveCfg = Debug|Any CPU
		{F392EDCC-47AD-4AFF-ABA6-198264C3BB89}.Debug|Any CPU.Build.0 = Debug|Any CPU
		{F392EDCC-47AD-4AFF-ABA6-198264C3BB89}.Release|Any CPU.ActiveCfg = Release|Any CPU
		{F392EDCC-47AD-4AFF-ABA6-198264C3BB89}.Release|Any CPU.Build.0 = Release|Any CPU
		{F42BD2F8-B6E1-4261-8B4D-074BDB6CE958}.Debug|Any CPU.ActiveCfg = Debug|Any CPU
		{F42BD2F8-B6E1-4261-8B4D-074BDB6CE958}.Debug|Any CPU.Build.0 = Debug|Any CPU
		{F42BD2F8-B6E1-4261-8B4D-074BDB6CE958}.Release|Any CPU.ActiveCfg = Release|Any CPU
		{F42BD2F8-B6E1-4261-8B4D-074BDB6CE958}.Release|Any CPU.Build.0 = Release|Any CPU
		{5038D359-5BCD-4B88-A71F-FDF58B3F1DFC}.Debug|Any CPU.ActiveCfg = Debug|Any CPU
		{5038D359-5BCD-4B88-A71F-FDF58B3F1DFC}.Debug|Any CPU.Build.0 = Debug|Any CPU
		{5038D359-5BCD-4B88-A71F-FDF58B3F1DFC}.Release|Any CPU.ActiveCfg = Release|Any CPU
		{5038D359-5BCD-4B88-A71F-FDF58B3F1DFC}.Release|Any CPU.Build.0 = Release|Any CPU
	EndGlobalSection
	GlobalSection(SolutionProperties) = preSolution
		HideSolutionNode = FALSE
	EndGlobalSection
	GlobalSection(ExtensibilityGlobals) = postSolution
		SolutionGuid = {DD1A242A-5C9B-4792-87D7-E5026EE91E1B}
	EndGlobalSection
EndGlobal
